
Microsoft Visual Studio Solution File, Format Version 12.00
# Visual Studio Version 17
VisualStudioVersion = 17.0.31903.59
MinimumVisualStudioVersion = 10.0.40219.1
Project("{9A19103F-16F7-4668-BE54-9A1E7A4F7556}") = "SalesByMatch", "SalesByMatch\SalesByMatch.csproj", "{5193AE88-6D98-4377-976E-A505D525F142}"
EndProject
Project("{9A19103F-16F7-4668-BE54-9A1E7A4F7556}") = "CountingValleys", "CountingValleys\CountingValleys.csproj", "{9DC4FBD1-A12F-4B53-89A8-760BABE7FC00}"
EndProject
Project("{FAE04EC0-301F-11D3-BF4B-00C04F79EFBC}") = "JumpingOnTheClouds", "JumpingOnTheClouds\JumpingOnTheClouds.csproj", "{5415E378-E9A8-4AB7-B40E-A2F87939ED9B}"
EndProject
Project("{FAE04EC0-301F-11D3-BF4B-00C04F79EFBC}") = "RepeatedString", "RepeatedString\RepeatedString.csproj", "{4EEEB4D7-9A27-4E56-B6FF-6ADDED361E83}"
EndProject
Project("{2150E333-8FDC-42A3-9474-1A3956D46DE8}") = "Arrays", "Arrays", "{2440D21A-DD2D-4FA9-8FC4-AC7E650515A5}"
EndProject
Project("{FAE04EC0-301F-11D3-BF4B-00C04F79EFBC}") = "2DArrayDS", "2DArrayDS\2DArrayDS.csproj", "{EE084BBA-DED9-40A0-8392-D238109DD1A0}"
EndProject
Project("{FAE04EC0-301F-11D3-BF4B-00C04F79EFBC}") = "ArraysLeftRotation", "ArraysLeftRotation\ArraysLeftRotation.csproj", "{3D7A2FF3-567F-4ACA-A67A-223B8C17679E}"
EndProject
Project("{FAE04EC0-301F-11D3-BF4B-00C04F79EFBC}") = "EfficientJanitor", "EfficientJanitor\EfficientJanitor.csproj", "{F0F6F4A6-23DB-4C1C-85B9-8D7860031AB7}"
EndProject
Project("{FAE04EC0-301F-11D3-BF4B-00C04F79EFBC}") = "EfficientJanitor.Tests", "EfficientJanitor.Tests\EfficientJanitor.Tests.csproj", "{043C236F-C706-467F-BB73-AE67F04ED117}"
EndProject
Global
	GlobalSection(SolutionConfigurationPlatforms) = preSolution
		Debug|Any CPU = Debug|Any CPU
		Debug|x64 = Debug|x64
		Debug|x86 = Debug|x86
		Release|Any CPU = Release|Any CPU
		Release|x64 = Release|x64
		Release|x86 = Release|x86
	EndGlobalSection
	GlobalSection(ProjectConfigurationPlatforms) = postSolution
		{5193AE88-6D98-4377-976E-A505D525F142}.Debug|Any CPU.ActiveCfg = Debug|Any CPU
		{5193AE88-6D98-4377-976E-A505D525F142}.Debug|Any CPU.Build.0 = Debug|Any CPU
		{5193AE88-6D98-4377-976E-A505D525F142}.Debug|x64.ActiveCfg = Debug|Any CPU
		{5193AE88-6D98-4377-976E-A505D525F142}.Debug|x64.Build.0 = Debug|Any CPU
		{5193AE88-6D98-4377-976E-A505D525F142}.Debug|x86.ActiveCfg = Debug|Any CPU
		{5193AE88-6D98-4377-976E-A505D525F142}.Debug|x86.Build.0 = Debug|Any CPU
		{5193AE88-6D98-4377-976E-A505D525F142}.Release|Any CPU.ActiveCfg = Release|Any CPU
		{5193AE88-6D98-4377-976E-A505D525F142}.Release|Any CPU.Build.0 = Release|Any CPU
		{5193AE88-6D98-4377-976E-A505D525F142}.Release|x64.ActiveCfg = Release|Any CPU
		{5193AE88-6D98-4377-976E-A505D525F142}.Release|x64.Build.0 = Release|Any CPU
		{5193AE88-6D98-4377-976E-A505D525F142}.Release|x86.ActiveCfg = Release|Any CPU
		{5193AE88-6D98-4377-976E-A505D525F142}.Release|x86.Build.0 = Release|Any CPU
		{9DC4FBD1-A12F-4B53-89A8-760BABE7FC00}.Debug|Any CPU.ActiveCfg = Debug|Any CPU
		{9DC4FBD1-A12F-4B53-89A8-760BABE7FC00}.Debug|Any CPU.Build.0 = Debug|Any CPU
		{9DC4FBD1-A12F-4B53-89A8-760BABE7FC00}.Debug|x64.ActiveCfg = Debug|Any CPU
		{9DC4FBD1-A12F-4B53-89A8-760BABE7FC00}.Debug|x64.Build.0 = Debug|Any CPU
		{9DC4FBD1-A12F-4B53-89A8-760BABE7FC00}.Debug|x86.ActiveCfg = Debug|Any CPU
		{9DC4FBD1-A12F-4B53-89A8-760BABE7FC00}.Debug|x86.Build.0 = Debug|Any CPU
		{9DC4FBD1-A12F-4B53-89A8-760BABE7FC00}.Release|Any CPU.ActiveCfg = Release|Any CPU
		{9DC4FBD1-A12F-4B53-89A8-760BABE7FC00}.Release|Any CPU.Build.0 = Release|Any CPU
		{9DC4FBD1-A12F-4B53-89A8-760BABE7FC00}.Release|x64.ActiveCfg = Release|Any CPU
		{9DC4FBD1-A12F-4B53-89A8-760BABE7FC00}.Release|x64.Build.0 = Release|Any CPU
		{9DC4FBD1-A12F-4B53-89A8-760BABE7FC00}.Release|x86.ActiveCfg = Release|Any CPU
		{9DC4FBD1-A12F-4B53-89A8-760BABE7FC00}.Release|x86.Build.0 = Release|Any CPU
		{5415E378-E9A8-4AB7-B40E-A2F87939ED9B}.Debug|Any CPU.ActiveCfg = Debug|Any CPU
		{5415E378-E9A8-4AB7-B40E-A2F87939ED9B}.Debug|Any CPU.Build.0 = Debug|Any CPU
		{5415E378-E9A8-4AB7-B40E-A2F87939ED9B}.Debug|x64.ActiveCfg = Debug|Any CPU
		{5415E378-E9A8-4AB7-B40E-A2F87939ED9B}.Debug|x64.Build.0 = Debug|Any CPU
		{5415E378-E9A8-4AB7-B40E-A2F87939ED9B}.Debug|x86.ActiveCfg = Debug|Any CPU
		{5415E378-E9A8-4AB7-B40E-A2F87939ED9B}.Debug|x86.Build.0 = Debug|Any CPU
		{5415E378-E9A8-4AB7-B40E-A2F87939ED9B}.Release|Any CPU.ActiveCfg = Release|Any CPU
		{5415E378-E9A8-4AB7-B40E-A2F87939ED9B}.Release|Any CPU.Build.0 = Release|Any CPU
		{5415E378-E9A8-4AB7-B40E-A2F87939ED9B}.Release|x64.ActiveCfg = Release|Any CPU
		{5415E378-E9A8-4AB7-B40E-A2F87939ED9B}.Release|x64.Build.0 = Release|Any CPU
		{5415E378-E9A8-4AB7-B40E-A2F87939ED9B}.Release|x86.ActiveCfg = Release|Any CPU
		{5415E378-E9A8-4AB7-B40E-A2F87939ED9B}.Release|x86.Build.0 = Release|Any CPU
		{4EEEB4D7-9A27-4E56-B6FF-6ADDED361E83}.Debug|Any CPU.ActiveCfg = Debug|Any CPU
		{4EEEB4D7-9A27-4E56-B6FF-6ADDED361E83}.Debug|Any CPU.Build.0 = Debug|Any CPU
		{4EEEB4D7-9A27-4E56-B6FF-6ADDED361E83}.Debug|x64.ActiveCfg = Debug|Any CPU
		{4EEEB4D7-9A27-4E56-B6FF-6ADDED361E83}.Debug|x64.Build.0 = Debug|Any CPU
		{4EEEB4D7-9A27-4E56-B6FF-6ADDED361E83}.Debug|x86.ActiveCfg = Debug|Any CPU
		{4EEEB4D7-9A27-4E56-B6FF-6ADDED361E83}.Debug|x86.Build.0 = Debug|Any CPU
		{4EEEB4D7-9A27-4E56-B6FF-6ADDED361E83}.Release|Any CPU.ActiveCfg = Release|Any CPU
		{4EEEB4D7-9A27-4E56-B6FF-6ADDED361E83}.Release|Any CPU.Build.0 = Release|Any CPU
		{4EEEB4D7-9A27-4E56-B6FF-6ADDED361E83}.Release|x64.ActiveCfg = Release|Any CPU
		{4EEEB4D7-9A27-4E56-B6FF-6ADDED361E83}.Release|x64.Build.0 = Release|Any CPU
		{4EEEB4D7-9A27-4E56-B6FF-6ADDED361E83}.Release|x86.ActiveCfg = Release|Any CPU
		{4EEEB4D7-9A27-4E56-B6FF-6ADDED361E83}.Release|x86.Build.0 = Release|Any CPU
		{EE084BBA-DED9-40A0-8392-D238109DD1A0}.Debug|Any CPU.ActiveCfg = Debug|Any CPU
		{EE084BBA-DED9-40A0-8392-D238109DD1A0}.Debug|Any CPU.Build.0 = Debug|Any CPU
		{EE084BBA-DED9-40A0-8392-D238109DD1A0}.Debug|x64.ActiveCfg = Debug|Any CPU
		{EE084BBA-DED9-40A0-8392-D238109DD1A0}.Debug|x64.Build.0 = Debug|Any CPU
		{EE084BBA-DED9-40A0-8392-D238109DD1A0}.Debug|x86.ActiveCfg = Debug|Any CPU
		{EE084BBA-DED9-40A0-8392-D238109DD1A0}.Debug|x86.Build.0 = Debug|Any CPU
		{EE084BBA-DED9-40A0-8392-D238109DD1A0}.Release|Any CPU.ActiveCfg = Release|Any CPU
		{EE084BBA-DED9-40A0-8392-D238109DD1A0}.Release|Any CPU.Build.0 = Release|Any CPU
		{EE084BBA-DED9-40A0-8392-D238109DD1A0}.Release|x64.ActiveCfg = Release|Any CPU
		{EE084BBA-DED9-40A0-8392-D238109DD1A0}.Release|x64.Build.0 = Release|Any CPU
		{EE084BBA-DED9-40A0-8392-D238109DD1A0}.Release|x86.ActiveCfg = Release|Any CPU
		{EE084BBA-DED9-40A0-8392-D238109DD1A0}.Release|x86.Build.0 = Release|Any CPU
		{3D7A2FF3-567F-4ACA-A67A-223B8C17679E}.Debug|Any CPU.ActiveCfg = Debug|Any CPU
		{3D7A2FF3-567F-4ACA-A67A-223B8C17679E}.Debug|Any CPU.Build.0 = Debug|Any CPU
		{3D7A2FF3-567F-4ACA-A67A-223B8C17679E}.Debug|x64.ActiveCfg = Debug|Any CPU
		{3D7A2FF3-567F-4ACA-A67A-223B8C17679E}.Debug|x64.Build.0 = Debug|Any CPU
		{3D7A2FF3-567F-4ACA-A67A-223B8C17679E}.Debug|x86.ActiveCfg = Debug|Any CPU
		{3D7A2FF3-567F-4ACA-A67A-223B8C17679E}.Debug|x86.Build.0 = Debug|Any CPU
		{3D7A2FF3-567F-4ACA-A67A-223B8C17679E}.Release|Any CPU.ActiveCfg = Release|Any CPU
		{3D7A2FF3-567F-4ACA-A67A-223B8C17679E}.Release|Any CPU.Build.0 = Release|Any CPU
		{3D7A2FF3-567F-4ACA-A67A-223B8C17679E}.Release|x64.ActiveCfg = Release|Any CPU
		{3D7A2FF3-567F-4ACA-A67A-223B8C17679E}.Release|x64.Build.0 = Release|Any CPU
		{3D7A2FF3-567F-4ACA-A67A-223B8C17679E}.Release|x86.ActiveCfg = Release|Any CPU
		{3D7A2FF3-567F-4ACA-A67A-223B8C17679E}.Release|x86.Build.0 = Release|Any CPU
		{F0F6F4A6-23DB-4C1C-85B9-8D7860031AB7}.Debug|Any CPU.ActiveCfg = Debug|Any CPU
		{F0F6F4A6-23DB-4C1C-85B9-8D7860031AB7}.Debug|Any CPU.Build.0 = Debug|Any CPU
		{F0F6F4A6-23DB-4C1C-85B9-8D7860031AB7}.Debug|x64.ActiveCfg = Debug|Any CPU
		{F0F6F4A6-23DB-4C1C-85B9-8D7860031AB7}.Debug|x64.Build.0 = Debug|Any CPU
		{F0F6F4A6-23DB-4C1C-85B9-8D7860031AB7}.Debug|x86.ActiveCfg = Debug|Any CPU
		{F0F6F4A6-23DB-4C1C-85B9-8D7860031AB7}.Debug|x86.Build.0 = Debug|Any CPU
		{F0F6F4A6-23DB-4C1C-85B9-8D7860031AB7}.Release|Any CPU.ActiveCfg = Release|Any CPU
		{F0F6F4A6-23DB-4C1C-85B9-8D7860031AB7}.Release|Any CPU.Build.0 = Release|Any CPU
		{F0F6F4A6-23DB-4C1C-85B9-8D7860031AB7}.Release|x64.ActiveCfg = Release|Any CPU
		{F0F6F4A6-23DB-4C1C-85B9-8D7860031AB7}.Release|x64.Build.0 = Release|Any CPU
		{F0F6F4A6-23DB-4C1C-85B9-8D7860031AB7}.Release|x86.ActiveCfg = Release|Any CPU
		{F0F6F4A6-23DB-4C1C-85B9-8D7860031AB7}.Release|x86.Build.0 = Release|Any CPU
		{043C236F-C706-467F-BB73-AE67F04ED117}.Debug|Any CPU.ActiveCfg = Debug|Any CPU
		{043C236F-C706-467F-BB73-AE67F04ED117}.Debug|Any CPU.Build.0 = Debug|Any CPU
		{043C236F-C706-467F-BB73-AE67F04ED117}.Debug|x64.ActiveCfg = Debug|Any CPU
		{043C236F-C706-467F-BB73-AE67F04ED117}.Debug|x64.Build.0 = Debug|Any CPU
		{043C236F-C706-467F-BB73-AE67F04ED117}.Debug|x86.ActiveCfg = Debug|Any CPU
		{043C236F-C706-467F-BB73-AE67F04ED117}.Debug|x86.Build.0 = Debug|Any CPU
		{043C236F-C706-467F-BB73-AE67F04ED117}.Release|Any CPU.ActiveCfg = Release|Any CPU
		{043C236F-C706-467F-BB73-AE67F04ED117}.Release|Any CPU.Build.0 = Release|Any CPU
		{043C236F-C706-467F-BB73-AE67F04ED117}.Release|x64.ActiveCfg = Release|Any CPU
		{043C236F-C706-467F-BB73-AE67F04ED117}.Release|x64.Build.0 = Release|Any CPU
		{043C236F-C706-467F-BB73-AE67F04ED117}.Release|x86.ActiveCfg = Release|Any CPU
		{043C236F-C706-467F-BB73-AE67F04ED117}.Release|x86.Build.0 = Release|Any CPU
	EndGlobalSection
	GlobalSection(SolutionProperties) = preSolution
		HideSolutionNode = FALSE
	EndGlobalSection
	GlobalSection(NestedProjects) = preSolution
		{EE084BBA-DED9-40A0-8392-D238109DD1A0} = {2440D21A-DD2D-4FA9-8FC4-AC7E650515A5}
		{3D7A2FF3-567F-4ACA-A67A-223B8C17679E} = {2440D21A-DD2D-4FA9-8FC4-AC7E650515A5}
	EndGlobalSection
	GlobalSection(ExtensibilityGlobals) = postSolution
		SolutionGuid = {A8CA0DEF-FDF9-49BE-8FDC-1A19E3E65754}
	EndGlobalSection
EndGlobal
